{
    "version": 3,
    "terraform_version": "0.9.2",
    "serial": 46,
    "lineage": "840279c2-8287-4d4c-be8c-c824430a47bb",
    "modules": [
        {
            "path": [
                "root"
            ],
            "outputs": {},
            "resources": {},
            "depends_on": []
        },
        {
            "path": [
                "root",
                "ecs"
            ],
            "outputs": {},
            "resources": {
                "aws_autoscaling_group.ecs": {
                    "type": "aws_autoscaling_group",
                    "depends_on": [
                        "aws_launch_configuration.ecs-lc"
                    ],
                    "primary": {
                        "id": "asg-ecs-Atlantiz-00432690a8f19c21f78cad32c7",
                        "attributes": {
                            "arn": "arn:aws:autoscaling:us-west-2:934903335876:autoScalingGroup:23bb39df-3ab8-4904-90f0-40c0138a6543:autoScalingGroupName/asg-ecs-Atlantiz-00432690a8f19c21f78cad32c7",
                            "availability_zones.#": "1",
                            "availability_zones.2487133097": "us-west-2a",
                            "default_cooldown": "300",
                            "desired_capacity": "1",
                            "force_delete": "false",
                            "health_check_grace_period": "300",
                            "health_check_type": "EC2",
                            "id": "asg-ecs-Atlantiz-00432690a8f19c21f78cad32c7",
                            "launch_configuration": "ecs-Atlantiz-00432690a8f19c21f78cad32c7",
                            "load_balancers.#": "0",
                            "max_size": "1",
                            "metrics_granularity": "1Minute",
                            "min_size": "0",
                            "name": "asg-ecs-Atlantiz-00432690a8f19c21f78cad32c7",
                            "placement_group": "",
                            "protect_from_scale_in": "false",
                            "suspended_processes.#": "0",
                            "tag.#": "0",
                            "target_group_arns.#": "0",
                            "termination_policies.#": "3",
                            "termination_policies.0": "OldestLaunchConfiguration",
                            "termination_policies.1": "ClosestToNextInstanceHour",
                            "termination_policies.2": "Default",
                            "vpc_zone_identifier.#": "1",
                            "vpc_zone_identifier.2308396782": "subnet-8bc7f6ec",
                            "wait_for_capacity_timeout": "10m"
                        },
                        "meta": {},
                        "tainted": false
                    },
                    "deposed": [],
                    "provider": ""
                },
                "aws_ecs_cluster.atlantis_cluster": {
                    "type": "aws_ecs_cluster",
                    "depends_on": [],
                    "primary": {
                        "id": "arn:aws:ecs:us-west-2:934903335876:cluster/Atlantiz-Ecs",
                        "attributes": {
                            "id": "arn:aws:ecs:us-west-2:934903335876:cluster/Atlantiz-Ecs",
                            "name": "Atlantiz-Ecs"
                        },
                        "meta": {},
                        "tainted": false
                    },
                    "deposed": [],
                    "provider": ""
                },
                "aws_ecs_service.atlantis_ecs_service": {
                    "type": "aws_ecs_service",
                    "depends_on": [
                        "aws_ecs_cluster.atlantis_cluster",
                        "aws_ecs_task_definition.atlantis_task_definition",
                        "aws_elb.atlaniz-dmz-elb"
                    ],
                    "primary": {
                        "id": "arn:aws:ecs:us-west-2:934903335876:service/Atlantiz",
                        "attributes": {
                            "cluster": "Atlantiz-Ecs",
                            "deployment_maximum_percent": "200",
                            "deployment_minimum_healthy_percent": "100",
                            "desired_count": "1",
                            "iam_role": "arn:aws:iam::934903335876:role/AtlantizECSServiceRole",
                            "id": "arn:aws:ecs:us-west-2:934903335876:service/Atlantiz",
                            "load_balancer.#": "1",
                            "load_balancer.3316120659.container_name": "Atlantiz",
                            "load_balancer.3316120659.container_port": "80",
                            "load_balancer.3316120659.elb_name": "atlaniz-dmz-elb",
                            "load_balancer.3316120659.target_group_arn": "",
                            "name": "Atlantiz",
                            "placement_constraints.#": "0",
                            "placement_strategy.#": "0",
                            "task_definition": "arn:aws:ecs:us-west-2:934903335876:task-definition/Atlantiz:13"
                        },
                        "meta": {},
                        "tainted": false
                    },
                    "deposed": [],
                    "provider": ""
                },
                "aws_ecs_task_definition.atlantis_task_definition": {
                    "type": "aws_ecs_task_definition",
                    "depends_on": [
                        "data.template_file.task_definition"
                    ],
                    "primary": {
                        "id": "Atlantiz",
                        "attributes": {
                            "arn": "arn:aws:ecs:us-west-2:934903335876:task-definition/Atlantiz:13",
                            "container_definitions": "147752c75f5995b025c411f82b1b96cb99913622",
                            "family": "Atlantiz",
                            "id": "Atlantiz",
                            "network_mode": "",
                            "placement_constraints.#": "0",
                            "revision": "13",
                            "task_role_arn": ""
                        },
                        "meta": {},
                        "tainted": false
                    },
                    "deposed": [],
                    "provider": ""
                },
                "aws_elb.atlaniz-dmz-elb": {
                    "type": "aws_elb",
                    "depends_on": [],
                    "primary": {
                        "id": "atlaniz-dmz-elb",
                        "attributes": {
                            "access_logs.#": "0",
                            "availability_zones.#": "1",
                            "availability_zones.2487133097": "us-west-2a",
                            "connection_draining": "true",
                            "connection_draining_timeout": "400",
                            "cross_zone_load_balancing": "true",
                            "dns_name": "atlaniz-dmz-elb-1156094738.us-west-2.elb.amazonaws.com",
                            "health_check.#": "1",
                            "health_check.0.healthy_threshold": "2",
                            "health_check.0.interval": "30",
                            "health_check.0.target": "HTTP:8000/",
                            "health_check.0.timeout": "3",
                            "health_check.0.unhealthy_threshold": "2",
                            "id": "atlaniz-dmz-elb",
                            "idle_timeout": "400",
                            "instances.#": "0",
                            "internal": "false",
                            "listener.#": "1",
                            "listener.3057123346.instance_port": "80",
                            "listener.3057123346.instance_protocol": "http",
                            "listener.3057123346.lb_port": "80",
                            "listener.3057123346.lb_protocol": "http",
                            "listener.3057123346.ssl_certificate_id": "",
                            "name": "atlaniz-dmz-elb",
                            "security_groups.#": "1",
                            "security_groups.2427455104": "sg-260a1e5c",
                            "source_security_group": "934903335876/default_elb_c55d37a4-9aa8-32a8-95b5-4f62ac0afc06",
                            "source_security_group_id": "sg-260a1e5c",
                            "subnets.#": "1",
                            "subnets.2308396782": "subnet-8bc7f6ec",
                            "tags.%": "1",
                            "tags.Name": "atlaniz-dmz-elb",
                            "zone_id": "Z1H1FL5HABSF5"
                        },
                        "meta": {},
                        "tainted": false
                    },
                    "deposed": [],
                    "provider": ""
                },
                "aws_iam_instance_profile.ecs": {
                    "type": "aws_iam_instance_profile",
                    "depends_on": [
                        "aws_iam_role.ecs_role"
                    ],
                    "primary": {
                        "id": "ecs-instance-profile",
                        "attributes": {
                            "arn": "arn:aws:iam::934903335876:instance-profile/ecs-instance-profile",
                            "id": "ecs-instance-profile",
                            "name": "ecs-instance-profile",
                            "path": "/",
                            "roles.#": "1",
                            "roles.112154061": "ecs_role",
                            "unique_id": "AIPAJHNZLG6T3T3FCIHSG"
                        },
                        "meta": {},
                        "tainted": false
                    },
                    "deposed": [],
                    "provider": ""
                },
                "aws_iam_role.ecs_role": {
                    "type": "aws_iam_role",
                    "depends_on": [],
                    "primary": {
                        "id": "ecs_role",
                        "attributes": {
                            "arn": "arn:aws:iam::934903335876:role/ecs_role",
                            "assume_role_policy": "{\"Version\":\"2008-10-17\",\"Statement\":[{\"Effect\":\"Allow\",\"Principal\":{\"Service\":[\"ec2.amazonaws.com\",\"ecs.amazonaws.com\"]},\"Action\":\"sts:AssumeRole\"}]}",
                            "create_date": "2017-09-09T05:22:00Z",
                            "id": "ecs_role",
                            "name": "ecs_role",
                            "path": "/",
                            "unique_id": "AROAJZPD2I4NIOHUIZUOK"
                        },
                        "meta": {},
                        "tainted": false
                    },
                    "deposed": [],
                    "provider": ""
                },
                "aws_launch_configuration.ecs-lc": {
                    "type": "aws_launch_configuration",
                    "depends_on": [],
                    "primary": {
                        "id": "ecs-Atlantiz-00432690a8f19c21f78cad32c7",
                        "attributes": {
                            "associate_public_ip_address": "false",
                            "ebs_block_device.#": "0",
                            "ebs_optimized": "false",
                            "enable_monitoring": "true",
                            "ephemeral_block_device.#": "0",
                            "iam_instance_profile": "arn:aws:iam::934903335876:instance-profile/AtlantizECSServiceRole",
                            "id": "ecs-Atlantiz-00432690a8f19c21f78cad32c7",
                            "image_id": "ami-1d668865",
                            "instance_type": "t2.micro",
                            "key_name": "",
                            "name": "ecs-Atlantiz-00432690a8f19c21f78cad32c7",
                            "name_prefix": "ecs-Atlantiz-",
                            "root_block_device.#": "0",
                            "security_groups.#": "0",
                            "spot_price": "",
                            "user_data": "84c2a1f57d6479a4e19fe81a6924f2a6dd31c7b1",
                            "vpc_classic_link_id": "",
                            "vpc_classic_link_security_groups.#": "0"
                        },
                        "meta": {},
                        "tainted": false
                    },
                    "deposed": [],
                    "provider": ""
                },
                "data.template_file.task_definition": {
                    "type": "template_file",
                    "depends_on": [],
                    "primary": {
                        "id": "1d86bb52c48164e297d83427542ddd26c93f39f6ce10c2e6b8d9ac62deed476e",
                        "attributes": {
                            "id": "1d86bb52c48164e297d83427542ddd26c93f39f6ce10c2e6b8d9ac62deed476e",
                            "rendered": "[\n  {\n    \"name\": \"Atlantiz\",\n    \"image\": \"934903335876.dkr.ecr.us-west-2.amazonaws.com/atlantiz-dmz:atlantiz_1\",\n    \"memory\": 256,\n    \"essential\": true,\n    \"portMappings\": [\n      {\n        \"containerPort\": 80,\n        \"hostPort\": 80\n      }\n    ]\n  }\n]",
                            "template": "[\n  {\n    \"name\": \"Atlantiz\",\n    \"image\": \"934903335876.dkr.ecr.us-west-2.amazonaws.com/atlantiz-dmz:atlantiz_1\",\n    \"memory\": 256,\n    \"essential\": true,\n    \"portMappings\": [\n      {\n        \"containerPort\": 80,\n        \"hostPort\": 80\n      }\n    ]\n  }\n]",
                            "vars.%": "2",
                            "vars.service_image": "latest",
                            "vars.service_name": "Atlantiz"
                        },
                        "meta": {},
                        "tainted": false
                    },
                    "deposed": [],
                    "provider": ""
                },
                "data.template_file.user_data": {
                    "type": "template_file",
                    "depends_on": [
                        "aws_ecs_cluster.atlantis_cluster"
                    ],
                    "primary": {
                        "id": "d03ed4d4198a9aa20e950788ba583897c5efa2c78a7fbde8ccdc20cd20335d30",
                        "attributes": {
                            "id": "d03ed4d4198a9aa20e950788ba583897c5efa2c78a7fbde8ccdc20cd20335d30",
                            "rendered": "#!/bin/bash\necho ECS_CLUSTER=Atlantiz-Ecs \u003e\u003e /etc/ecs/ecs.config\necho 'OPTIONS=\"${OPTIONS} --storage-opt dm.basesize=22G\"' \u003e\u003e /etc/sysconfig/docker\n/etc/init.d/docker restart\necho ECS_ENGINE_AUTH_TYPE=dockercfg \u003e\u003e /etc/ecs/ecs.config",
                            "template": "#!/bin/bash\necho ECS_CLUSTER=${cluster_name} \u003e\u003e /etc/ecs/ecs.config\necho 'OPTIONS=\"$${OPTIONS} --storage-opt dm.basesize=${docker_storage_size}G\"' \u003e\u003e /etc/sysconfig/docker\n/etc/init.d/docker restart\necho ECS_ENGINE_AUTH_TYPE=dockercfg \u003e\u003e /etc/ecs/ecs.config",
                            "vars.%": "2",
                            "vars.cluster_name": "Atlantiz-Ecs",
                            "vars.docker_storage_size": "22"
                        },
                        "meta": {},
                        "tainted": false
                    },
                    "deposed": [],
                    "provider": ""
                }
            },
            "depends_on": []
        },
        {
            "path": [
                "root",
                "igw"
            ],
            "outputs": {},
            "resources": {},
            "depends_on": []
        },
        {
            "path": [
                "root",
                "routeTables"
            ],
            "outputs": {},
            "resources": {},
            "depends_on": []
        },
        {
            "path": [
                "root",
                "security-group"
            ],
            "outputs": {},
            "resources": {},
            "depends_on": []
        },
        {
            "path": [
                "root",
                "subnets"
            ],
            "outputs": {},
            "resources": {},
            "depends_on": []
        },
        {
            "path": [
                "root",
                "vpc"
            ],
            "outputs": {},
            "resources": {},
            "depends_on": []
        }
    ]
}
